
Microsoft Visual Studio Solution File, Format Version 12.00
# Visual Studio Version 16
VisualStudioVersion = 16.0.29728.190
MinimumVisualStudioVersion = 10.0.40219.1
Project("{FAE04EC0-301F-11D3-BF4B-00C04F79EFBC}") = "SignalRDemo", "SignalRDemo.csproj", "{DBD78E2D-8230-4D19-A896-2C48F12BD080}"
EndProject
Global
	GlobalSection(SolutionConfigurationPlatforms) = preSolution
		Debug|Any CPU = Debug|Any CPU
		Release|Any CPU = Release|Any CPU
	EndGlobalSection
	GlobalSection(ProjectConfigurationPlatforms) = postSolution
		{DBD78E2D-8230-4D19-A896-2C48F12BD080}.Debug|Any CPU.ActiveCfg = Debug|Any CPU
		{DBD78E2D-8230-4D19-A896-2C48F12BD080}.Debug|Any CPU.Build.0 = Debug|Any CPU
		{DBD78E2D-8230-4D19-A896-2C48F12BD080}.Release|Any CPU.ActiveCfg = Release|Any CPU
		{DBD78E2D-8230-4D19-A896-2C48F12BD080}.Release|Any CPU.Build.0 = Release|Any CPU
	EndGlobalSection
	GlobalSection(SolutionProperties) = preSolution
		HideSolutionNode = FALSE
	EndGlobalSection
	GlobalSection(ExtensibilityGlobals) = postSolution
		SolutionGuid = {E2E1B2F1-6831-4D89-BEF7-628A6D8DAB41}
	EndGlobalSection
EndGlobal
